
Microsoft Visual Studio Solution File, Format Version 12.00
# Visual Studio Version 17
VisualStudioVersion = 17.11.35327.3
MinimumVisualStudioVersion = 10.0.40219.1
Project("{FAE04EC0-301F-11D3-BF4B-00C04F79EFBC}") = "Labb_1", "Labb_1\Labb_1.csproj", "{09067604-317B-4DC9-85C7-889D901EC4E1}"
EndProject
Global
	GlobalSection(SolutionConfigurationPlatforms) = preSolution
		Debug|Any CPU = Debug|Any CPU
		Release|Any CPU = Release|Any CPU
	EndGlobalSection
	GlobalSection(ProjectConfigurationPlatforms) = postSolution
		{09067604-317B-4DC9-85C7-889D901EC4E1}.Debug|Any CPU.ActiveCfg = Debug|Any CPU
		{09067604-317B-4DC9-85C7-889D901EC4E1}.Debug|Any CPU.Build.0 = Debug|Any CPU
		{09067604-317B-4DC9-85C7-889D901EC4E1}.Release|Any CPU.ActiveCfg = Release|Any CPU
		{09067604-317B-4DC9-85C7-889D901EC4E1}.Release|Any CPU.Build.0 = Release|Any CPU
	EndGlobalSection
	GlobalSection(SolutionProperties) = preSolution
		HideSolutionNode = FALSE
	EndGlobalSection
	GlobalSection(ExtensibilityGlobals) = postSolution
		SolutionGuid = {27F1F182-BF31-4A32-9567-4C06C17307D0}
	EndGlobalSection
EndGlobal
